
Microsoft Visual Studio Solution File, Format Version 12.00
# Visual Studio Version 16
VisualStudioVersion = 16.0.29613.14
MinimumVisualStudioVersion = 10.0.40219.1
Project("{FAE04EC0-301F-11D3-BF4B-00C04F79EFBC}") = "EvergreenSafetyCouncil", "EvergreenSafetyCouncil.csproj", "{FE241947-FAA8-4282-B113-BE1E932F384D}"
EndProject
Global
	GlobalSection(SolutionConfigurationPlatforms) = preSolution
		Debug|Any CPU = Debug|Any CPU
		Release|Any CPU = Release|Any CPU
	EndGlobalSection
	GlobalSection(ProjectConfigurationPlatforms) = postSolution
		{FE241947-FAA8-4282-B113-BE1E932F384D}.Debug|Any CPU.ActiveCfg = Debug|Any CPU
		{FE241947-FAA8-4282-B113-BE1E932F384D}.Debug|Any CPU.Build.0 = Debug|Any CPU
		{FE241947-FAA8-4282-B113-BE1E932F384D}.Release|Any CPU.ActiveCfg = Release|Any CPU
		{FE241947-FAA8-4282-B113-BE1E932F384D}.Release|Any CPU.Build.0 = Release|Any CPU
	EndGlobalSection
	GlobalSection(SolutionProperties) = preSolution
		HideSolutionNode = FALSE
	EndGlobalSection
	GlobalSection(ExtensibilityGlobals) = postSolution
		SolutionGuid = {7966AE20-1048-47E0-B10E-1AAE3C3672AC}
	EndGlobalSection
EndGlobal
